// !$*UTF8*$!
{
	archiveVersion = 1;
	classes = {
	};
	objectVersion = 55;
	objects = {

/* Begin PBXBuildFile section */
		7B674641287D456500EBE7AE /* AppDelegate.swift in Sources */ = {isa = PBXBuildFile; fileRef = 7B674640287D456500EBE7AE /* AppDelegate.swift */; };
		7B674643287D456500EBE7AE /* SceneDelegate.swift in Sources */ = {isa = PBXBuildFile; fileRef = 7B674642287D456500EBE7AE /* SceneDelegate.swift */; };
		7B674648287D456500EBE7AE /* Main.storyboard in Resources */ = {isa = PBXBuildFile; fileRef = 7B674646287D456500EBE7AE /* Main.storyboard */; };
		7B67464A287D456900EBE7AE /* Assets.xcassets in Resources */ = {isa = PBXBuildFile; fileRef = 7B674649287D456900EBE7AE /* Assets.xcassets */; };
		7B67464D287D456900EBE7AE /* LaunchScreen.storyboard in Resources */ = {isa = PBXBuildFile; fileRef = 7B67464B287D456900EBE7AE /* LaunchScreen.storyboard */; };
		7B674658287D456A00EBE7AE /* TODO_ListTests.swift in Sources */ = {isa = PBXBuildFile; fileRef = 7B674657287D456A00EBE7AE /* TODO_ListTests.swift */; };
		7B674662287D456A00EBE7AE /* TODO_ListUITests.swift in Sources */ = {isa = PBXBuildFile; fileRef = 7B674661287D456A00EBE7AE /* TODO_ListUITests.swift */; };
		7B674664287D456A00EBE7AE /* TODO_ListUITestsLaunchTests.swift in Sources */ = {isa = PBXBuildFile; fileRef = 7B674663287D456A00EBE7AE /* TODO_ListUITestsLaunchTests.swift */; };
		7B674672287D4AFB00EBE7AE /* TaskListViewController.swift in Sources */ = {isa = PBXBuildFile; fileRef = 7B674671287D4AFB00EBE7AE /* TaskListViewController.swift */; };
		7B674674287D508400EBE7AE /* AddTaskViewController.swift in Sources */ = {isa = PBXBuildFile; fileRef = 7B674673287D508400EBE7AE /* AddTaskViewController.swift */; };
/* End PBXBuildFile section */

/* Begin PBXContainerItemProxy section */
		7B674654287D456A00EBE7AE /* PBXContainerItemProxy */ = {
			isa = PBXContainerItemProxy;
			containerPortal = 7B674635287D456500EBE7AE /* Project object */;
			proxyType = 1;
			remoteGlobalIDString = 7B67463C287D456500EBE7AE;
			remoteInfo = TODO_List;
		};
		7B67465E287D456A00EBE7AE /* PBXContainerItemProxy */ = {
			isa = PBXContainerItemProxy;
			containerPortal = 7B674635287D456500EBE7AE /* Project object */;
			proxyType = 1;
			remoteGlobalIDString = 7B67463C287D456500EBE7AE;
			remoteInfo = TODO_List;
		};
/* End PBXContainerItemProxy section */

/* Begin PBXFileReference section */
		7B67463D287D456500EBE7AE /* TODO_List.app */ = {isa = PBXFileReference; explicitFileType = wrapper.application; includeInIndex = 0; path = TODO_List.app; sourceTree = BUILT_PRODUCTS_DIR; };
		7B674640287D456500EBE7AE /* AppDelegate.swift */ = {isa = PBXFileReference; lastKnownFileType = sourcecode.swift; path = AppDelegate.swift; sourceTree = "<group>"; };
		7B674642287D456500EBE7AE /* SceneDelegate.swift */ = {isa = PBXFileReference; lastKnownFileType = sourcecode.swift; path = SceneDelegate.swift; sourceTree = "<group>"; };
		7B674647287D456500EBE7AE /* Base */ = {isa = PBXFileReference; lastKnownFileType = file.storyboard; name = Base; path = Base.lproj/Main.storyboard; sourceTree = "<group>"; };
		7B674649287D456900EBE7AE /* Assets.xcassets */ = {isa = PBXFileReference; lastKnownFileType = folder.assetcatalog; path = Assets.xcassets; sourceTree = "<group>"; };
		7B67464C287D456900EBE7AE /* Base */ = {isa = PBXFileReference; lastKnownFileType = file.storyboard; name = Base; path = Base.lproj/LaunchScreen.storyboard; sourceTree = "<group>"; };
		7B67464E287D456900EBE7AE /* Info.plist */ = {isa = PBXFileReference; lastKnownFileType = text.plist.xml; path = Info.plist; sourceTree = "<group>"; };
		7B674653287D456A00EBE7AE /* TODO_ListTests.xctest */ = {isa = PBXFileReference; explicitFileType = wrapper.cfbundle; includeInIndex = 0; path = TODO_ListTests.xctest; sourceTree = BUILT_PRODUCTS_DIR; };
		7B674657287D456A00EBE7AE /* TODO_ListTests.swift */ = {isa = PBXFileReference; lastKnownFileType = sourcecode.swift; path = TODO_ListTests.swift; sourceTree = "<group>"; };
		7B67465D287D456A00EBE7AE /* TODO_ListUITests.xctest */ = {isa = PBXFileReference; explicitFileType = wrapper.cfbundle; includeInIndex = 0; path = TODO_ListUITests.xctest; sourceTree = BUILT_PRODUCTS_DIR; };
		7B674661287D456A00EBE7AE /* TODO_ListUITests.swift */ = {isa = PBXFileReference; lastKnownFileType = sourcecode.swift; path = TODO_ListUITests.swift; sourceTree = "<group>"; };
		7B674663287D456A00EBE7AE /* TODO_ListUITestsLaunchTests.swift */ = {isa = PBXFileReference; lastKnownFileType = sourcecode.swift; path = TODO_ListUITestsLaunchTests.swift; sourceTree = "<group>"; };
		7B674671287D4AFB00EBE7AE /* TaskListViewController.swift */ = {isa = PBXFileReference; lastKnownFileType = sourcecode.swift; path = TaskListViewController.swift; sourceTree = "<group>"; };
		7B674673287D508400EBE7AE /* AddTaskViewController.swift */ = {isa = PBXFileReference; lastKnownFileType = sourcecode.swift; path = AddTaskViewController.swift; sourceTree = "<group>"; };
/* End PBXFileReference section */

/* Begin PBXFrameworksBuildPhase section */
		7B67463A287D456500EBE7AE /* Frameworks */ = {
			isa = PBXFrameworksBuildPhase;
			buildActionMask = 2147483647;
			files = (
			);
			runOnlyForDeploymentPostprocessing = 0;
		};
		7B674650287D456A00EBE7AE /* Frameworks */ = {
			isa = PBXFrameworksBuildPhase;
			buildActionMask = 2147483647;
			files = (
			);
			runOnlyForDeploymentPostprocessing = 0;
		};
		7B67465A287D456A00EBE7AE /* Frameworks */ = {
			isa = PBXFrameworksBuildPhase;
			buildActionMask = 2147483647;
			files = (
			);
			runOnlyForDeploymentPostprocessing = 0;
		};
/* End PBXFrameworksBuildPhase section */

/* Begin PBXGroup section */
		7B674634287D456500EBE7AE = {
			isa = PBXGroup;
			children = (
				7B67463F287D456500EBE7AE /* TODO_List */,
				7B674656287D456A00EBE7AE /* TODO_ListTests */,
				7B674660287D456A00EBE7AE /* TODO_ListUITests */,
				7B67463E287D456500EBE7AE /* Products */,
			);
			sourceTree = "<group>";
		};
		7B67463E287D456500EBE7AE /* Products */ = {
			isa = PBXGroup;
			children = (
				7B67463D287D456500EBE7AE /* TODO_List.app */,
				7B674653287D456A00EBE7AE /* TODO_ListTests.xctest */,
				7B67465D287D456A00EBE7AE /* TODO_ListUITests.xctest */,
			);
			name = Products;
			sourceTree = "<group>";
		};
		7B67463F287D456500EBE7AE /* TODO_List */ = {
			isa = PBXGroup;
			children = (
				7B674670287D4AA200EBE7AE /* Controller */,
				7B674640287D456500EBE7AE /* AppDelegate.swift */,
				7B674642287D456500EBE7AE /* SceneDelegate.swift */,
				7B674646287D456500EBE7AE /* Main.storyboard */,
				7B674649287D456900EBE7AE /* Assets.xcassets */,
				7B67464B287D456900EBE7AE /* LaunchScreen.storyboard */,
				7B67464E287D456900EBE7AE /* Info.plist */,
			);
			path = TODO_List;
			sourceTree = "<group>";
		};
		7B674656287D456A00EBE7AE /* TODO_ListTests */ = {
			isa = PBXGroup;
			children = (
				7B674657287D456A00EBE7AE /* TODO_ListTests.swift */,
			);
			path = TODO_ListTests;
			sourceTree = "<group>";
		};
		7B674660287D456A00EBE7AE /* TODO_ListUITests */ = {
			isa = PBXGroup;
			children = (
				7B674661287D456A00EBE7AE /* TODO_ListUITests.swift */,
				7B674663287D456A00EBE7AE /* TODO_ListUITestsLaunchTests.swift */,
			);
			path = TODO_ListUITests;
			sourceTree = "<group>";
		};
		7B674670287D4AA200EBE7AE /* Controller */ = {
			isa = PBXGroup;
			children = (
				7B674671287D4AFB00EBE7AE /* TaskListViewController.swift */,
				7B674673287D508400EBE7AE /* AddTaskViewController.swift */,
			);
			path = Controller;
			sourceTree = "<group>";
		};
/* End PBXGroup section */

/* Begin PBXNativeTarget section */
		7B67463C287D456500EBE7AE /* TODO_List */ = {
			isa = PBXNativeTarget;
			buildConfigurationList = 7B674667287D456A00EBE7AE /* Build configuration list for PBXNativeTarget "TODO_List" */;
			buildPhases = (
				7B674639287D456500EBE7AE /* Sources */,
				7B67463A287D456500EBE7AE /* Frameworks */,
				7B67463B287D456500EBE7AE /* Resources */,
			);
			buildRules = (
			);
			dependencies = (
			);
			name = TODO_List;
			productName = TODO_List;
			productReference = 7B67463D287D456500EBE7AE /* TODO_List.app */;
			productType = "com.apple.product-type.application";
		};
		7B674652287D456A00EBE7AE /* TODO_ListTests */ = {
			isa = PBXNativeTarget;
			buildConfigurationList = 7B67466A287D456A00EBE7AE /* Build configuration list for PBXNativeTarget "TODO_ListTests" */;
			buildPhases = (
				7B67464F287D456A00EBE7AE /* Sources */,
				7B674650287D456A00EBE7AE /* Frameworks */,
				7B674651287D456A00EBE7AE /* Resources */,
			);
			buildRules = (
			);
			dependencies = (
				7B674655287D456A00EBE7AE /* PBXTargetDependency */,
			);
			name = TODO_ListTests;
			productName = TODO_ListTests;
			productReference = 7B674653287D456A00EBE7AE /* TODO_ListTests.xctest */;
			productType = "com.apple.product-type.bundle.unit-test";
		};
		7B67465C287D456A00EBE7AE /* TODO_ListUITests */ = {
			isa = PBXNativeTarget;
			buildConfigurationList = 7B67466D287D456A00EBE7AE /* Build configuration list for PBXNativeTarget "TODO_ListUITests" */;
			buildPhases = (
				7B674659287D456A00EBE7AE /* Sources */,
				7B67465A287D456A00EBE7AE /* Frameworks */,
				7B67465B287D456A00EBE7AE /* Resources */,
			);
			buildRules = (
			);
			dependencies = (
				7B67465F287D456A00EBE7AE /* PBXTargetDependency */,
			);
			name = TODO_ListUITests;
			productName = TODO_ListUITests;
			productReference = 7B67465D287D456A00EBE7AE /* TODO_ListUITests.xctest */;
			productType = "com.apple.product-type.bundle.ui-testing";
		};
/* End PBXNativeTarget section */

/* Begin PBXProject section */
		7B674635287D456500EBE7AE /* Project object */ = {
			isa = PBXProject;
			attributes = {
				BuildIndependentTargetsInParallel = 1;
				LastSwiftUpdateCheck = 1340;
				LastUpgradeCheck = 1340;
				TargetAttributes = {
					7B67463C287D456500EBE7AE = {
						CreatedOnToolsVersion = 13.4.1;
					};
					7B674652287D456A00EBE7AE = {
						CreatedOnToolsVersion = 13.4.1;
						TestTargetID = 7B67463C287D456500EBE7AE;
					};
					7B67465C287D456A00EBE7AE = {
						CreatedOnToolsVersion = 13.4.1;
						TestTargetID = 7B67463C287D456500EBE7AE;
					};
				};
			};
			buildConfigurationList = 7B674638287D456500EBE7AE /* Build configuration list for PBXProject "TODO_List" */;
			compatibilityVersion = "Xcode 13.0";
			developmentRegion = en;
			hasScannedForEncodings = 0;
			knownRegions = (
				en,
				Base,
			);
			mainGroup = 7B674634287D456500EBE7AE;
			productRefGroup = 7B67463E287D456500EBE7AE /* Products */;
			projectDirPath = "";
			projectRoot = "";
			targets = (
				7B67463C287D456500EBE7AE /* TODO_List */,
				7B674652287D456A00EBE7AE /* TODO_ListTests */,
				7B67465C287D456A00EBE7AE /* TODO_ListUITests */,
			);
		};
/* End PBXProject section */

/* Begin PBXResourcesBuildPhase section */
		7B67463B287D456500EBE7AE /* Resources */ = {
			isa = PBXResourcesBuildPhase;
			buildActionMask = 2147483647;
			files = (
				7B67464D287D456900EBE7AE /* LaunchScreen.storyboard in Resources */,
				7B67464A287D456900EBE7AE /* Assets.xcassets in Resources */,
				7B674648287D456500EBE7AE /* Main.storyboard in Resources */,
			);
			runOnlyForDeploymentPostprocessing = 0;
		};
		7B674651287D456A00EBE7AE /* Resources */ = {
			isa = PBXResourcesBuildPhase;
			buildActionMask = 2147483647;
			files = (
			);
			runOnlyForDeploymentPostprocessing = 0;
		};
		7B67465B287D456A00EBE7AE /* Resources */ = {
			isa = PBXResourcesBuildPhase;
			buildActionMask = 2147483647;
			files = (
			);
			runOnlyForDeploymentPostprocessing = 0;
		};
/* End PBXResourcesBuildPhase section */

/* Begin PBXSourcesBuildPhase section */
		7B674639287D456500EBE7AE /* Sources */ = {
			isa = PBXSourcesBuildPhase;
			buildActionMask = 2147483647;
			files = (
				7B674641287D456500EBE7AE /* AppDelegate.swift in Sources */,
				7B674674287D508400EBE7AE /* AddTaskViewController.swift in Sources */,
				7B674643287D456500EBE7AE /* SceneDelegate.swift in Sources */,
				7B674672287D4AFB00EBE7AE /* TaskListViewController.swift in Sources */,
			);
			runOnlyForDeploymentPostprocessing = 0;
		};
		7B67464F287D456A00EBE7AE /* Sources */ = {
			isa = PBXSourcesBuildPhase;
			buildActionMask = 2147483647;
			files = (
				7B674658287D456A00EBE7AE /* TODO_ListTests.swift in Sources */,
			);
			runOnlyForDeploymentPostprocessing = 0;
		};
		7B674659287D456A00EBE7AE /* Sources */ = {
			isa = PBXSourcesBuildPhase;
			buildActionMask = 2147483647;
			files = (
				7B674664287D456A00EBE7AE /* TODO_ListUITestsLaunchTests.swift in Sources */,
				7B674662287D456A00EBE7AE /* TODO_ListUITests.swift in Sources */,
			);
			runOnlyForDeploymentPostprocessing = 0;
		};
/* End PBXSourcesBuildPhase section */

/* Begin PBXTargetDependency section */
		7B674655287D456A00EBE7AE /* PBXTargetDependency */ = {
			isa = PBXTargetDependency;
			target = 7B67463C287D456500EBE7AE /* TODO_List */;
			targetProxy = 7B674654287D456A00EBE7AE /* PBXContainerItemProxy */;
		};
		7B67465F287D456A00EBE7AE /* PBXTargetDependency */ = {
			isa = PBXTargetDependency;
			target = 7B67463C287D456500EBE7AE /* TODO_List */;
			targetProxy = 7B67465E287D456A00EBE7AE /* PBXContainerItemProxy */;
		};
/* End PBXTargetDependency section */

/* Begin PBXVariantGroup section */
		7B674646287D456500EBE7AE /* Main.storyboard */ = {
			isa = PBXVariantGroup;
			children = (
				7B674647287D456500EBE7AE /* Base */,
			);
			name = Main.storyboard;
			sourceTree = "<group>";
		};
		7B67464B287D456900EBE7AE /* LaunchScreen.storyboard */ = {
			isa = PBXVariantGroup;
			children = (
				7B67464C287D456900EBE7AE /* Base */,
			);
			name = LaunchScreen.storyboard;
			sourceTree = "<group>";
		};
/* End PBXVariantGroup section */

/* Begin XCBuildConfiguration section */
		7B674665287D456A00EBE7AE /* Debug */ = {
			isa = XCBuildConfiguration;
			buildSettings = {
				ALWAYS_SEARCH_USER_PATHS = NO;
				CLANG_ANALYZER_NONNULL = YES;
				CLANG_ANALYZER_NUMBER_OBJECT_CONVERSION = YES_AGGRESSIVE;
				CLANG_CXX_LANGUAGE_STANDARD = "gnu++17";
				CLANG_ENABLE_MODULES = YES;
				CLANG_ENABLE_OBJC_ARC = YES;
				CLANG_ENABLE_OBJC_WEAK = YES;
				CLANG_WARN_BLOCK_CAPTURE_AUTORELEASING = YES;
				CLANG_WARN_BOOL_CONVERSION = YES;
				CLANG_WARN_COMMA = YES;
				CLANG_WARN_CONSTANT_CONVERSION = YES;
				CLANG_WARN_DEPRECATED_OBJC_IMPLEMENTATIONS = YES;
				CLANG_WARN_DIRECT_OBJC_ISA_USAGE = YES_ERROR;
				CLANG_WARN_DOCUMENTATION_COMMENTS = YES;
				CLANG_WARN_EMPTY_BODY = YES;
				CLANG_WARN_ENUM_CONVERSION = YES;
				CLANG_WARN_INFINITE_RECURSION = YES;
				CLANG_WARN_INT_CONVERSION = YES;
				CLANG_WARN_NON_LITERAL_NULL_CONVERSION = YES;
				CLANG_WARN_OBJC_IMPLICIT_RETAIN_SELF = YES;
				CLANG_WARN_OBJC_LITERAL_CONVERSION = YES;
				CLANG_WARN_OBJC_ROOT_CLASS = YES_ERROR;
				CLANG_WARN_QUOTED_INCLUDE_IN_FRAMEWORK_HEADER = YES;
				CLANG_WARN_RANGE_LOOP_ANALYSIS = YES;
				CLANG_WARN_STRICT_PROTOTYPES = YES;
				CLANG_WARN_SUSPICIOUS_MOVE = YES;
				CLANG_WARN_UNGUARDED_AVAILABILITY = YES_AGGRESSIVE;
				CLANG_WARN_UNREACHABLE_CODE = YES;
				CLANG_WARN__DUPLICATE_METHOD_MATCH = YES;
				COPY_PHASE_STRIP = NO;
				DEBUG_INFORMATION_FORMAT = dwarf;
				ENABLE_STRICT_OBJC_MSGSEND = YES;
				ENABLE_TESTABILITY = YES;
				GCC_C_LANGUAGE_STANDARD = gnu11;
				GCC_DYNAMIC_NO_PIC = NO;
				GCC_NO_COMMON_BLOCKS = YES;
				GCC_OPTIMIZATION_LEVEL = 0;
				GCC_PREPROCESSOR_DEFINITIONS = (
					"DEBUG=1",
					"$(inherited)",
				);
				GCC_WARN_64_TO_32_BIT_CONVERSION = YES;
				GCC_WARN_ABOUT_RETURN_TYPE = YES_ERROR;
				GCC_WARN_UNDECLARED_SELECTOR = YES;
				GCC_WARN_UNINITIALIZED_AUTOS = YES_AGGRESSIVE;
				GCC_WARN_UNUSED_FUNCTION = YES;
				GCC_WARN_UNUSED_VARIABLE = YES;
				IPHONEOS_DEPLOYMENT_TARGET = 15.5;
				MTL_ENABLE_DEBUG_INFO = INCLUDE_SOURCE;
				MTL_FAST_MATH = YES;
				ONLY_ACTIVE_ARCH = YES;
				SDKROOT = iphoneos;
				SWIFT_ACTIVE_COMPILATION_CONDITIONS = DEBUG;
				SWIFT_OPTIMIZATION_LEVEL = "-Onone";
			};
			name = Debug;
		};
		7B674666287D456A00EBE7AE /* Release */ = {
			isa = XCBuildConfiguration;
			buildSettings = {
				ALWAYS_SEARCH_USER_PATHS = NO;
				CLANG_ANALYZER_NONNULL = YES;
				CLANG_ANALYZER_NUMBER_OBJECT_CONVERSION = YES_AGGRESSIVE;
				CLANG_CXX_LANGUAGE_STANDARD = "gnu++17";
				CLANG_ENABLE_MODULES = YES;
				CLANG_ENABLE_OBJC_ARC = YES;
				CLANG_ENABLE_OBJC_WEAK = YES;
				CLANG_WARN_BLOCK_CAPTURE_AUTORELEASING = YES;
				CLANG_WARN_BOOL_CONVERSION = YES;
				CLANG_WARN_COMMA = YES;
				CLANG_WARN_CONSTANT_CONVERSION = YES;
				CLANG_WARN_DEPRECATED_OBJC_IMPLEMENTATIONS = YES;
				CLANG_WARN_DIRECT_OBJC_ISA_USAGE = YES_ERROR;
				CLANG_WARN_DOCUMENTATION_COMMENTS = YES;
				CLANG_WARN_EMPTY_BODY = YES;
				CLANG_WARN_ENUM_CONVERSION = YES;
				CLANG_WARN_INFINITE_RECURSION = YES;
				CLANG_WARN_INT_CONVERSION = YES;
				CLANG_WARN_NON_LITERAL_NULL_CONVERSION = YES;
				CLANG_WARN_OBJC_IMPLICIT_RETAIN_SELF = YES;
				CLANG_WARN_OBJC_LITERAL_CONVERSION = YES;
				CLANG_WARN_OBJC_ROOT_CLASS = YES_ERROR;
				CLANG_WARN_QUOTED_INCLUDE_IN_FRAMEWORK_HEADER = YES;
				CLANG_WARN_RANGE_LOOP_ANALYSIS = YES;
				CLANG_WARN_STRICT_PROTOTYPES = YES;
				CLANG_WARN_SUSPICIOUS_MOVE = YES;
				CLANG_WARN_UNGUARDED_AVAILABILITY = YES_AGGRESSIVE;
				CLANG_WARN_UNREACHABLE_CODE = YES;
				CLANG_WARN__DUPLICATE_METHOD_MATCH = YES;
				COPY_PHASE_STRIP = NO;
				DEBUG_INFORMATION_FORMAT = "dwarf-with-dsym";
				ENABLE_NS_ASSERTIONS = NO;
				ENABLE_STRICT_OBJC_MSGSEND = YES;
				GCC_C_LANGUAGE_STANDARD = gnu11;
				GCC_NO_COMMON_BLOCKS = YES;
				GCC_WARN_64_TO_32_BIT_CONVERSION = YES;
				GCC_WARN_ABOUT_RETURN_TYPE = YES_ERROR;
				GCC_WARN_UNDECLARED_SELECTOR = YES;
				GCC_WARN_UNINITIALIZED_AUTOS = YES_AGGRESSIVE;
				GCC_WARN_UNUSED_FUNCTION = YES;
				GCC_WARN_UNUSED_VARIABLE = YES;
				IPHONEOS_DEPLOYMENT_TARGET = 15.5;
				MTL_ENABLE_DEBUG_INFO = NO;
				MTL_FAST_MATH = YES;
				SDKROOT = iphoneos;
				SWIFT_COMPILATION_MODE = wholemodule;
				SWIFT_OPTIMIZATION_LEVEL = "-O";
				VALIDATE_PRODUCT = YES;
			};
			name = Release;
		};
		7B674668287D456A00EBE7AE /* Debug */ = {
			isa = XCBuildConfiguration;
			buildSettings = {
				ASSETCATALOG_COMPILER_APPICON_NAME = AppIcon;
				ASSETCATALOG_COMPILER_GLOBAL_ACCENT_COLOR_NAME = AccentColor;
				CODE_SIGN_STYLE = Automatic;
				CURRENT_PROJECT_VERSION = 1;
				DEVELOPMENT_TEAM = 38UF333D7H;
				GENERATE_INFOPLIST_FILE = YES;
				INFOPLIST_FILE = TODO_List/Info.plist;
				INFOPLIST_KEY_UIApplicationSupportsIndirectInputEvents = YES;
				INFOPLIST_KEY_UILaunchStoryboardName = LaunchScreen;
				INFOPLIST_KEY_UIMainStoryboardFile = Main;
				INFOPLIST_KEY_UISupportedInterfaceOrientations_iPad = "UIInterfaceOrientationPortrait UIInterfaceOrientationPortraitUpsideDown UIInterfaceOrientationLandscapeLeft UIInterfaceOrientationLandscapeRight";
				INFOPLIST_KEY_UISupportedInterfaceOrientations_iPhone = "UIInterfaceOrientationPortrait UIInterfaceOrientationLandscapeLeft UIInterfaceOrientationLandscapeRight";
				LD_RUNPATH_SEARCH_PATHS = (
					"$(inherited)",
					"@executable_path/Frameworks",
				);
				MARKETING_VERSION = 1.0;
				PRODUCT_BUNDLE_IDENTIFIER = "BPMtest.TODO-List";
				PRODUCT_NAME = "$(TARGET_NAME)";
				SWIFT_EMIT_LOC_STRINGS = YES;
				SWIFT_VERSION = 5.0;
				TARGETED_DEVICE_FAMILY = "1,2";
			};
			name = Debug;
		};
		7B674669287D456A00EBE7AE /* Release */ = {
			isa = XCBuildConfiguration;
			buildSettings = {
				ASSETCATALOG_COMPILER_APPICON_NAME = AppIcon;
				ASSETCATALOG_COMPILER_GLOBAL_ACCENT_COLOR_NAME = AccentColor;
				CODE_SIGN_STYLE = Automatic;
				CURRENT_PROJECT_VERSION = 1;
				DEVELOPMENT_TEAM = 38UF333D7H;
				GENERATE_INFOPLIST_FILE = YES;
				INFOPLIST_FILE = TODO_List/Info.plist;
				INFOPLIST_KEY_UIApplicationSupportsIndirectInputEvents = YES;
				INFOPLIST_KEY_UILaunchStoryboardName = LaunchScreen;
				INFOPLIST_KEY_UIMainStoryboardFile = Main;
				INFOPLIST_KEY_UISupportedInterfaceOrientations_iPad = "UIInterfaceOrientationPortrait UIInterfaceOrientationPortraitUpsideDown UIInterfaceOrientationLandscapeLeft UIInterfaceOrientationLandscapeRight";
				INFOPLIST_KEY_UISupportedInterfaceOrientations_iPhone = "UIInterfaceOrientationPortrait UIInterfaceOrientationLandscapeLeft UIInterfaceOrientationLandscapeRight";
				LD_RUNPATH_SEARCH_PATHS = (
					"$(inherited)",
					"@executable_path/Frameworks",
				);
				MARKETING_VERSION = 1.0;
				PRODUCT_BUNDLE_IDENTIFIER = "BPMtest.TODO-List";
				PRODUCT_NAME = "$(TARGET_NAME)";
				SWIFT_EMIT_LOC_STRINGS = YES;
				SWIFT_VERSION = 5.0;
				TARGETED_DEVICE_FAMILY = "1,2";
			};
			name = Release;
		};
		7B67466B287D456A00EBE7AE /* Debug */ = {
			isa = XCBuildConfiguration;
			buildSettings = {
				ALWAYS_EMBED_SWIFT_STANDARD_LIBRARIES = YES;
				BUNDLE_LOADER = "$(TEST_HOST)";
				CODE_SIGN_STYLE = Automatic;
				CURRENT_PROJECT_VERSION = 1;
				DEVELOPMENT_TEAM = 38UF333D7H;
				GENERATE_INFOPLIST_FILE = YES;
				IPHONEOS_DEPLOYMENT_TARGET = 15.5;
				MARKETING_VERSION = 1.0;
				PRODUCT_BUNDLE_IDENTIFIER = "BPMtest.TODO-ListTests";
				PRODUCT_NAME = "$(TARGET_NAME)";
				SWIFT_EMIT_LOC_STRINGS = NO;
				SWIFT_VERSION = 5.0;
				TARGETED_DEVICE_FAMILY = "1,2";
				TEST_HOST = "$(BUILT_PRODUCTS_DIR)/TODO_List.app/TODO_List";
			};
			name = Debug;
		};
		7B67466C287D456A00EBE7AE /* Release */ = {
			isa = XCBuildConfiguration;
			buildSettings = {
				ALWAYS_EMBED_SWIFT_STANDARD_LIBRARIES = YES;
				BUNDLE_LOADER = "$(TEST_HOST)";
				CODE_SIGN_STYLE = Automatic;
				CURRENT_PROJECT_VERSION = 1;
				DEVELOPMENT_TEAM = 38UF333D7H;
				GENERATE_INFOPLIST_FILE = YES;
				IPHONEOS_DEPLOYMENT_TARGET = 15.5;
				MARKETING_VERSION = 1.0;
				PRODUCT_BUNDLE_IDENTIFIER = "BPMtest.TODO-ListTests";
				PRODUCT_NAME = "$(TARGET_NAME)";
				SWIFT_EMIT_LOC_STRINGS = NO;
				SWIFT_VERSION = 5.0;
				TARGETED_DEVICE_FAMILY = "1,2";
				TEST_HOST = "$(BUILT_PRODUCTS_DIR)/TODO_List.app/TODO_List";
			};
			name = Release;
		};
		7B67466E287D456A00EBE7AE /* Debug */ = {
			isa = XCBuildConfiguration;
			buildSettings = {
				ALWAYS_EMBED_SWIFT_STANDARD_LIBRARIES = YES;
				CODE_SIGN_STYLE = Automatic;
				CURRENT_PROJECT_VERSION = 1;
				DEVELOPMENT_TEAM = 38UF333D7H;
				GENERATE_INFOPLIST_FILE = YES;
				MARKETING_VERSION = 1.0;
				PRODUCT_BUNDLE_IDENTIFIER = "BPMtest.TODO-ListUITests";
				PRODUCT_NAME = "$(TARGET_NAME)";
				SWIFT_EMIT_LOC_STRINGS = NO;
				SWIFT_VERSION = 5.0;
				TARGETED_DEVICE_FAMILY = "1,2";
				TEST_TARGET_NAME = TODO_List;
			};
			name = Debug;
		};
		7B67466F287D456A00EBE7AE /* Release */ = {
			isa = XCBuildConfiguration;
			buildSettings = {
				ALWAYS_EMBED_SWIFT_STANDARD_LIBRARIES = YES;
				CODE_SIGN_STYLE = Automatic;
				CURRENT_PROJECT_VERSION = 1;
				DEVELOPMENT_TEAM = 38UF333D7H;
				GENERATE_INFOPLIST_FILE = YES;
				MARKETING_VERSION = 1.0;
				PRODUCT_BUNDLE_IDENTIFIER = "BPMtest.TODO-ListUITests";
				PRODUCT_NAME = "$(TARGET_NAME)";
				SWIFT_EMIT_LOC_STRINGS = NO;
				SWIFT_VERSION = 5.0;
				TARGETED_DEVICE_FAMILY = "1,2";
				TEST_TARGET_NAME = TODO_List;
			};
			name = Release;
		};
/* End XCBuildConfiguration section */

/* Begin XCConfigurationList section */
		7B674638287D456500EBE7AE /* Build configuration list for PBXProject "TODO_List" */ = {
			isa = XCConfigurationList;
			buildConfigurations = (
				7B674665287D456A00EBE7AE /* Debug */,
				7B674666287D456A00EBE7AE /* Release */,
			);
			defaultConfigurationIsVisible = 0;
			defaultConfigurationName = Release;
		};
		7B674667287D456A00EBE7AE /* Build configuration list for PBXNativeTarget "TODO_List" */ = {
			isa = XCConfigurationList;
			buildConfigurations = (
				7B674668287D456A00EBE7AE /* Debug */,
				7B674669287D456A00EBE7AE /* Release */,
			);
			defaultConfigurationIsVisible = 0;
			defaultConfigurationName = Release;
		};
		7B67466A287D456A00EBE7AE /* Build configuration list for PBXNativeTarget "TODO_ListTests" */ = {
			isa = XCConfigurationList;
			buildConfigurations = (
				7B67466B287D456A00EBE7AE /* Debug */,
				7B67466C287D456A00EBE7AE /* Release */,
			);
			defaultConfigurationIsVisible = 0;
			defaultConfigurationName = Release;
		};
		7B67466D287D456A00EBE7AE /* Build configuration list for PBXNativeTarget "TODO_ListUITests" */ = {
			isa = XCConfigurationList;
			buildConfigurations = (
				7B67466E287D456A00EBE7AE /* Debug */,
				7B67466F287D456A00EBE7AE /* Release */,
			);
			defaultConfigurationIsVisible = 0;
			defaultConfigurationName = Release;
		};
/* End XCConfigurationList section */
	};
	rootObject = 7B674635287D456500EBE7AE /* Project object */;
}
